
Microsoft Visual Studio Solution File, Format Version 12.00
# Visual Studio Version 16
VisualStudioVersion = 16.0.29215.179
MinimumVisualStudioVersion = 10.0.40219.1
Project("{9A19103F-16F7-4668-BE54-9A1E7A4F7556}") = "GithubStatisticsCore", "GithubStatisticsCore\GithubStatisticsCore.csproj", "{F91C4A68-904E-41DC-88B8-2268133485DE}"
EndProject
Global
	GlobalSection(SolutionConfigurationPlatforms) = preSolution
		Debug|Any CPU = Debug|Any CPU
		Release|Any CPU = Release|Any CPU
	EndGlobalSection
	GlobalSection(ProjectConfigurationPlatforms) = postSolution
		{F91C4A68-904E-41DC-88B8-2268133485DE}.Debug|Any CPU.ActiveCfg = Debug|Any CPU
		{F91C4A68-904E-41DC-88B8-2268133485DE}.Debug|Any CPU.Build.0 = Debug|Any CPU
		{F91C4A68-904E-41DC-88B8-2268133485DE}.Release|Any CPU.ActiveCfg = Release|Any CPU
		{F91C4A68-904E-41DC-88B8-2268133485DE}.Release|Any CPU.Build.0 = Release|Any CPU
	EndGlobalSection
	GlobalSection(SolutionProperties) = preSolution
		HideSolutionNode = FALSE
	EndGlobalSection
	GlobalSection(ExtensibilityGlobals) = postSolution
		SolutionGuid = {6F7BF874-36D6-462C-B4DD-CFE10D55220B}
	EndGlobalSection
EndGlobal
